# THIS IS AN AUTOGENERATED FILE. DO NOT EDIT THIS FILE DIRECTLY.
# yarn lockfile v1


flatpickr@^4.2.4:
  version "4.2.4"
  resolved "https://registry.yarnpkg.com/flatpickr/-/flatpickr-4.2.4.tgz#abd6dedd0fa41e2118acb96a22f49819ba2d0157"

moment@2.x:
  version "2.20.1"
  resolved "https://registry.yarnpkg.com/moment/-/moment-2.20.1.tgz#d6eb1a46cbcc14a2b2f9434112c1ff8907f313fd"

pikaday-time@^1.6.1:
  version "1.6.1"
  resolved "https://registry.yarnpkg.com/pikaday-time/-/pikaday-time-1.6.1.tgz#3274b44b9edc058869949f9d51d1cf6364c98953"
  optionalDependencies:
    moment "2.x"

pikaday@^1.7.0:
  version "1.7.0"
  resolved "https://registry.yarnpkg.com/pikaday/-/pikaday-1.7.0.tgz#78bf26e709f7c135b674762bbab79d75ac589ab6"
  optionalDependencies:
    moment "2.x"
