# THIS IS AN AUTOGENERATED FILE. DO NOT EDIT THIS FILE DIRECTLY.
# yarn lockfile v1


choices.js@^3.0.3:
  version "3.0.3"
  resolved "https://registry.yarnpkg.com/choices.js/-/choices.js-3.0.3.tgz#28aa0e96328c22ae074be5fe6e9eda5384e54b45"
  dependencies:
    classnames "^2.2.5"
    fuse.js "^2.2.2"
    opn "^5.1.0"
    redux "^3.3.1"

classnames@^2.2.5:
  version "2.2.5"
  resolved "https://registry.yarnpkg.com/classnames/-/classnames-2.2.5.tgz#fb3801d453467649ef3603c7d61a02bd129bde6d"

flatpickr@^4.2.4:
  version "4.2.4"
  resolved "https://registry.yarnpkg.com/flatpickr/-/flatpickr-4.2.4.tgz#abd6dedd0fa41e2118acb96a22f49819ba2d0157"

fuse.js@^2.2.2:
  version "2.7.4"
  resolved "https://registry.yarnpkg.com/fuse.js/-/fuse.js-2.7.4.tgz#96e420fde7ef011ac49c258a621314fe576536f9"

is-wsl@^1.1.0:
  version "1.1.0"
  resolved "https://registry.yarnpkg.com/is-wsl/-/is-wsl-1.1.0.tgz#1f16e4aa22b04d1336b66188a66af3c600c3a66d"

js-tokens@^3.0.0:
  version "3.0.2"
  resolved "https://registry.yarnpkg.com/js-tokens/-/js-tokens-3.0.2.tgz#9866df395102130e38f7f996bceb65443209c25b"

lodash-es@^4.2.1:
  version "4.17.4"
  resolved "https://registry.yarnpkg.com/lodash-es/-/lodash-es-4.17.4.tgz#dcc1d7552e150a0640073ba9cb31d70f032950e7"

lodash@^4.2.1:
  version "4.17.19"
  resolved "https://registry.yarnpkg.com/lodash/-/lodash-4.17.19.tgz#e48ddedbe30b3321783c5b4301fbd353bc1e4a4b"

loose-envify@^1.1.0:
  version "1.3.1"
  resolved "https://registry.yarnpkg.com/loose-envify/-/loose-envify-1.3.1.tgz#d1a8ad33fa9ce0e713d65fdd0ac8b748d478c848"
  dependencies:
    js-tokens "^3.0.0"

mobius1-selectr@^2.4.1:
  version "2.4.1"
  resolved "https://registry.yarnpkg.com/mobius1-selectr/-/mobius1-selectr-2.4.1.tgz#95d547f60bc2c45a145fd858982dcc9f58c06efa"

moment@2.x, moment@^2.20.1:
  version "2.20.1"
  resolved "https://registry.yarnpkg.com/moment/-/moment-2.20.1.tgz#d6eb1a46cbcc14a2b2f9434112c1ff8907f313fd"

opn@^5.1.0:
  version "5.2.0"
  resolved "https://registry.yarnpkg.com/opn/-/opn-5.2.0.tgz#71fdf934d6827d676cecbea1531f95d354641225"
  dependencies:
    is-wsl "^1.1.0"

pikaday-time@^1.6.1:
  version "1.6.1"
  resolved "https://registry.yarnpkg.com/pikaday-time/-/pikaday-time-1.6.1.tgz#3274b44b9edc058869949f9d51d1cf6364c98953"
  optionalDependencies:
    moment "2.x"

pikaday@^1.7.0:
  version "1.7.0"
  resolved "https://registry.yarnpkg.com/pikaday/-/pikaday-1.7.0.tgz#78bf26e709f7c135b674762bbab79d75ac589ab6"
  optionalDependencies:
    moment "2.x"

redux@^3.3.1:
  version "3.7.2"
  resolved "https://registry.yarnpkg.com/redux/-/redux-3.7.2.tgz#06b73123215901d25d065be342eb026bc1c8537b"
  dependencies:
    lodash "^4.2.1"
    lodash-es "^4.2.1"
    loose-envify "^1.1.0"
    symbol-observable "^1.0.3"

symbol-observable@^1.0.3:
  version "1.2.0"
  resolved "https://registry.yarnpkg.com/symbol-observable/-/symbol-observable-1.2.0.tgz#c22688aed4eab3cdc2dfeacbb561660560a00804"
